
Microsoft Visual Studio Solution File, Format Version 12.00
# Visual Studio Version 16
VisualStudioVersion = 25.0.1704.3
MinimumVisualStudioVersion = 10.0.40219.1
Project("{FAE04EC0-301F-11D3-BF4B-00C04F79EFBC}") = "pumpdutywasm", "pumpdutywasm.csproj", "{4A1C153F-73A7-4608-9391-1337277E739B}"
EndProject
Global
	GlobalSection(SolutionConfigurationPlatforms) = preSolution
		Debug|Any CPU = Debug|Any CPU
		Release|Any CPU = Release|Any CPU
	EndGlobalSection
	GlobalSection(ProjectConfigurationPlatforms) = postSolution
		{4A1C153F-73A7-4608-9391-1337277E739B}.Debug|Any CPU.ActiveCfg = Debug|Any CPU
		{4A1C153F-73A7-4608-9391-1337277E739B}.Debug|Any CPU.Build.0 = Debug|Any CPU
		{4A1C153F-73A7-4608-9391-1337277E739B}.Release|Any CPU.ActiveCfg = Release|Any CPU
		{4A1C153F-73A7-4608-9391-1337277E739B}.Release|Any CPU.Build.0 = Release|Any CPU
	EndGlobalSection
	GlobalSection(SolutionProperties) = preSolution
		HideSolutionNode = FALSE
	EndGlobalSection
	GlobalSection(ExtensibilityGlobals) = postSolution
		SolutionGuid = {BACF4B84-C0D7-4CD4-B70F-113381E9BE82}
	EndGlobalSection
EndGlobal
